
Microsoft Visual Studio Solution File, Format Version 12.00
# Visual Studio Version 16
VisualStudioVersion = 16.0.32510.428
MinimumVisualStudioVersion = 10.0.40219.1
Project("{9A19103F-16F7-4668-BE54-9A1E7A4F7556}") = "Delegados.Consola", "Delegados.Consola\Delegados.Consola.csproj", "{CDB07B53-330C-4741-A5B0-A952E3B6AFD6}"
EndProject
Project("{9A19103F-16F7-4668-BE54-9A1E7A4F7556}") = "Eventos.Entidades", "Eventos.Entidades\Eventos.Entidades.csproj", "{12470955-A5F4-46B6-B77F-07A93AFE0C44}"
EndProject
Project("{9A19103F-16F7-4668-BE54-9A1E7A4F7556}") = "Delegados.Predefinidos", "Delegados.Predefinidos\Delegados.Predefinidos.csproj", "{6308578F-3115-4020-9014-16A12B5520C0}"
EndProject
Project("{9A19103F-16F7-4668-BE54-9A1E7A4F7556}") = "Eventos.Consola1", "Eventos.Consola1\Eventos.Consola1.csproj", "{E5BFFD54-CD85-4B54-8876-D3ED917FDA00}"
EndProject
Project("{9A19103F-16F7-4668-BE54-9A1E7A4F7556}") = "Eventos.Consola2", "Eventos.Consola2\Eventos.Consola2.csproj", "{02CE4100-5676-428E-AE5E-51CF5A5E4F59}"
EndProject
Project("{9A19103F-16F7-4668-BE54-9A1E7A4F7556}") = "Eventos.Consola3", "Eventos.Consola3\Eventos.Consola3.csproj", "{B420C2A2-FB7B-4E9E-BD7F-3BBF46C59937}"
EndProject
Project("{9A19103F-16F7-4668-BE54-9A1E7A4F7556}") = "Eventos.WindowsForms", "Eventos.WindowsForms\Eventos.WindowsForms.csproj", "{ABA3051D-DACC-44F7-8A69-F6424C68C709}"
EndProject
Project("{9A19103F-16F7-4668-BE54-9A1E7A4F7556}") = "Eventos.WindowsForms.Manejadores1", "Eventos.WindowsForms.Manejadores1\Eventos.WindowsForms.Manejadores1.csproj", "{7CE672D8-7E15-4CE1-B51D-00EB17F482F4}"
EndProject
Project("{9A19103F-16F7-4668-BE54-9A1E7A4F7556}") = "Eventos.WindowsForms.Manejadores2", "Eventos.WindowsForms.Manejadores2\Eventos.WindowsForms.Manejadores2.csproj", "{D61D8DBC-FA79-41C9-B979-DD6EA087CF8A}"
EndProject
Project("{9A19103F-16F7-4668-BE54-9A1E7A4F7556}") = "Eventos.WindowsForms.Manejadores3", "Eventos.WindowsForms.Manejadores3\Eventos.WindowsForms.Manejadores3.csproj", "{547B13B1-DF1A-4729-922F-A0144AD6AC7A}"
EndProject
Project("{FAE04EC0-301F-11D3-BF4B-00C04F79EFBC}") = "Delegados-Sort-Tasks", "Delegados-Sort-Tasks\Delegados-Sort-Tasks.csproj", "{7BD49C3A-AB58-4EA8-B55B-87639FC32612}"
EndProject
Global
	GlobalSection(SolutionConfigurationPlatforms) = preSolution
		Debug|Any CPU = Debug|Any CPU
		Release|Any CPU = Release|Any CPU
	EndGlobalSection
	GlobalSection(ProjectConfigurationPlatforms) = postSolution
		{CDB07B53-330C-4741-A5B0-A952E3B6AFD6}.Debug|Any CPU.ActiveCfg = Debug|Any CPU
		{CDB07B53-330C-4741-A5B0-A952E3B6AFD6}.Debug|Any CPU.Build.0 = Debug|Any CPU
		{CDB07B53-330C-4741-A5B0-A952E3B6AFD6}.Release|Any CPU.ActiveCfg = Release|Any CPU
		{CDB07B53-330C-4741-A5B0-A952E3B6AFD6}.Release|Any CPU.Build.0 = Release|Any CPU
		{12470955-A5F4-46B6-B77F-07A93AFE0C44}.Debug|Any CPU.ActiveCfg = Debug|Any CPU
		{12470955-A5F4-46B6-B77F-07A93AFE0C44}.Debug|Any CPU.Build.0 = Debug|Any CPU
		{12470955-A5F4-46B6-B77F-07A93AFE0C44}.Release|Any CPU.ActiveCfg = Release|Any CPU
		{12470955-A5F4-46B6-B77F-07A93AFE0C44}.Release|Any CPU.Build.0 = Release|Any CPU
		{6308578F-3115-4020-9014-16A12B5520C0}.Debug|Any CPU.ActiveCfg = Debug|Any CPU
		{6308578F-3115-4020-9014-16A12B5520C0}.Debug|Any CPU.Build.0 = Debug|Any CPU
		{6308578F-3115-4020-9014-16A12B5520C0}.Release|Any CPU.ActiveCfg = Release|Any CPU
		{6308578F-3115-4020-9014-16A12B5520C0}.Release|Any CPU.Build.0 = Release|Any CPU
		{E5BFFD54-CD85-4B54-8876-D3ED917FDA00}.Debug|Any CPU.ActiveCfg = Debug|Any CPU
		{E5BFFD54-CD85-4B54-8876-D3ED917FDA00}.Debug|Any CPU.Build.0 = Debug|Any CPU
		{E5BFFD54-CD85-4B54-8876-D3ED917FDA00}.Release|Any CPU.ActiveCfg = Release|Any CPU
		{E5BFFD54-CD85-4B54-8876-D3ED917FDA00}.Release|Any CPU.Build.0 = Release|Any CPU
		{02CE4100-5676-428E-AE5E-51CF5A5E4F59}.Debug|Any CPU.ActiveCfg = Debug|Any CPU
		{02CE4100-5676-428E-AE5E-51CF5A5E4F59}.Debug|Any CPU.Build.0 = Debug|Any CPU
		{02CE4100-5676-428E-AE5E-51CF5A5E4F59}.Release|Any CPU.ActiveCfg = Release|Any CPU
		{02CE4100-5676-428E-AE5E-51CF5A5E4F59}.Release|Any CPU.Build.0 = Release|Any CPU
		{B420C2A2-FB7B-4E9E-BD7F-3BBF46C59937}.Debug|Any CPU.ActiveCfg = Debug|Any CPU
		{B420C2A2-FB7B-4E9E-BD7F-3BBF46C59937}.Debug|Any CPU.Build.0 = Debug|Any CPU
		{B420C2A2-FB7B-4E9E-BD7F-3BBF46C59937}.Release|Any CPU.ActiveCfg = Release|Any CPU
		{B420C2A2-FB7B-4E9E-BD7F-3BBF46C59937}.Release|Any CPU.Build.0 = Release|Any CPU
		{ABA3051D-DACC-44F7-8A69-F6424C68C709}.Debug|Any CPU.ActiveCfg = Debug|Any CPU
		{ABA3051D-DACC-44F7-8A69-F6424C68C709}.Debug|Any CPU.Build.0 = Debug|Any CPU
		{ABA3051D-DACC-44F7-8A69-F6424C68C709}.Release|Any CPU.ActiveCfg = Release|Any CPU
		{ABA3051D-DACC-44F7-8A69-F6424C68C709}.Release|Any CPU.Build.0 = Release|Any CPU
		{7CE672D8-7E15-4CE1-B51D-00EB17F482F4}.Debug|Any CPU.ActiveCfg = Debug|Any CPU
		{7CE672D8-7E15-4CE1-B51D-00EB17F482F4}.Debug|Any CPU.Build.0 = Debug|Any CPU
		{7CE672D8-7E15-4CE1-B51D-00EB17F482F4}.Release|Any CPU.ActiveCfg = Release|Any CPU
		{7CE672D8-7E15-4CE1-B51D-00EB17F482F4}.Release|Any CPU.Build.0 = Release|Any CPU
		{D61D8DBC-FA79-41C9-B979-DD6EA087CF8A}.Debug|Any CPU.ActiveCfg = Debug|Any CPU
		{D61D8DBC-FA79-41C9-B979-DD6EA087CF8A}.Debug|Any CPU.Build.0 = Debug|Any CPU
		{D61D8DBC-FA79-41C9-B979-DD6EA087CF8A}.Release|Any CPU.ActiveCfg = Release|Any CPU
		{D61D8DBC-FA79-41C9-B979-DD6EA087CF8A}.Release|Any CPU.Build.0 = Release|Any CPU
		{547B13B1-DF1A-4729-922F-A0144AD6AC7A}.Debug|Any CPU.ActiveCfg = Debug|Any CPU
		{547B13B1-DF1A-4729-922F-A0144AD6AC7A}.Debug|Any CPU.Build.0 = Debug|Any CPU
		{547B13B1-DF1A-4729-922F-A0144AD6AC7A}.Release|Any CPU.ActiveCfg = Release|Any CPU
		{547B13B1-DF1A-4729-922F-A0144AD6AC7A}.Release|Any CPU.Build.0 = Release|Any CPU
		{7BD49C3A-AB58-4EA8-B55B-87639FC32612}.Debug|Any CPU.ActiveCfg = Debug|Any CPU
		{7BD49C3A-AB58-4EA8-B55B-87639FC32612}.Debug|Any CPU.Build.0 = Debug|Any CPU
		{7BD49C3A-AB58-4EA8-B55B-87639FC32612}.Release|Any CPU.ActiveCfg = Release|Any CPU
		{7BD49C3A-AB58-4EA8-B55B-87639FC32612}.Release|Any CPU.Build.0 = Release|Any CPU
	EndGlobalSection
	GlobalSection(SolutionProperties) = preSolution
		HideSolutionNode = FALSE
	EndGlobalSection
	GlobalSection(ExtensibilityGlobals) = postSolution
		SolutionGuid = {C4580E43-155F-4874-B649-25AD49FC35B5}
	EndGlobalSection
EndGlobal
